
Microsoft Visual Studio Solution File, Format Version 12.00
# Visual Studio Version 16
VisualStudioVersion = 16.0.31613.86
MinimumVisualStudioVersion = 10.0.40219.1
Project("{888888A0-9F3D-457C-B088-3A5042F75D52}") = "spotipytest", "spopifytest\spotipytest.pyproj", "{63434819-8DB3-4FBF-BC92-D012018BB167}"
EndProject
Global
	GlobalSection(SolutionConfigurationPlatforms) = preSolution
		Debug|Any CPU = Debug|Any CPU
		Release|Any CPU = Release|Any CPU
	EndGlobalSection
	GlobalSection(ProjectConfigurationPlatforms) = postSolution
		{63434819-8DB3-4FBF-BC92-D012018BB167}.Debug|Any CPU.ActiveCfg = Debug|Any CPU
		{63434819-8DB3-4FBF-BC92-D012018BB167}.Release|Any CPU.ActiveCfg = Release|Any CPU
	EndGlobalSection
	GlobalSection(SolutionProperties) = preSolution
		HideSolutionNode = FALSE
	EndGlobalSection
	GlobalSection(ExtensibilityGlobals) = postSolution
		SolutionGuid = {9635C871-704F-4956-877A-4616174B787E}
	EndGlobalSection
EndGlobal
